PODS:
  - FBSnapshotTestCase (2.1.4):
    - FBSnapshotTestCase/SwiftSupport (= 2.1.4)
  - FBSnapshotTestCase/Core (2.1.4)
  - FBSnapshotTestCase/SwiftSupport (2.1.4):
    - FBSnapshotTestCase/Core
  - SWSegmentedControl (2.7.0)

DEPENDENCIES:
  - FBSnapshotTestCase
  - SWSegmentedControl (from `../`)

SPEC REPOS:
  https://github.com/cocoapods/specs.git:
    - FBSnapshotTestCase

EXTERNAL SOURCES:
  SWSegmentedControl:
    :path: "../"

SPEC CHECKSUMS:
  FBSnapshotTestCase: 094f9f314decbabe373b87cc339bea235a63e07a
  SWSegmentedControl: fe6d018018e8ecac943b2d1b4a797ad8c45ef45f

PODFILE CHECKSUM: c4e544f7bd9ac8197549442bf09c22ad71289a29

COCOAPODS: 1.5.3
